
Microsoft Visual Studio Solution File, Format Version 12.00
# Visual Studio 15
VisualStudioVersion = 15.0.27130.2026
MinimumVisualStudioVersion = 10.0.40219.1
Project("{2150E333-8FDC-42A3-9474-1A3956D46DE8}") = "Domain", "Domain", "{C29069CC-8A7F-448D-B380-52E623BC0694}"
EndProject
Project("{2150E333-8FDC-42A3-9474-1A3956D46DE8}") = "Infrastructure", "Infrastructure", "{EE659ADB-35CB-4ECE-B064-EF4C0DBB156D}"
EndProject
Project("{2150E333-8FDC-42A3-9474-1A3956D46DE8}") = "Services", "Services", "{D8A71B51-835F-440D-B397-8D5D0E5D29AC}"
EndProject
Project("{FAE04EC0-301F-11D3-BF4B-00C04F79EFBC}") = "VooDiDb.Domain.Core", "VooDiDb.Domain.Core\VooDiDb.Domain.Core.csproj", "{691234A2-CBD1-4F48-94D9-712641090F4B}"
EndProject
Project("{FAE04EC0-301F-11D3-BF4B-00C04F79EFBC}") = "VooDiDb.Infrastructure.Data", "VooDiDb.Infrastructure.Data\VooDiDb.Infrastructure.Data.csproj", "{D703BCCE-B6E0-4E34-A5E4-B8904E04A8ED}"
EndProject
Project("{FAE04EC0-301F-11D3-BF4B-00C04F79EFBC}") = "VooDiDb.Domain.Interfaces", "VooDiDb.Domain.Interfaces\VooDiDb.Domain.Interfaces.csproj", "{67610892-A467-48C9-873D-98C9812851B4}"
EndProject
Project("{FAE04EC0-301F-11D3-BF4B-00C04F79EFBC}") = "VooDiDb.Services.Interfaces", "VooDiDb.Services.Interfaces\VooDiDb.Services.Interfaces.csproj", "{6093BC47-DF4C-4A6C-AD49-2350B406E0C9}"
EndProject
Project("{FAE04EC0-301F-11D3-BF4B-00C04F79EFBC}") = "VooDiDb.Services.Core", "VooDiDb.Services.Core\VooDiDb.Services.Core.csproj", "{6204A9FB-EE75-4CC5-A994-98D483F218E5}"
EndProject
Project("{FAE04EC0-301F-11D3-BF4B-00C04F79EFBC}") = "VooDiDb.Infrastructure.Business", "VooDiDb.Infrastructure.Business\VooDiDb.Infrastructure.Business.csproj", "{D7BF441E-B109-4F20-91D2-4712A3FC0F40}"
EndProject
Project("{2150E333-8FDC-42A3-9474-1A3956D46DE8}") = "Utilites", "Utilites", "{8FAC96B6-1943-44FC-A571-4DAED8D55234}"
EndProject
Project("{FAE04EC0-301F-11D3-BF4B-00C04F79EFBC}") = "VooDiDb.Utilites.Util", "VooDiDb.Utilites.Util\VooDiDb.Utilites.Util.csproj", "{51C5EC39-D3B8-48B8-BC34-06CD6619F477}"
EndProject
Project("{FAE04EC0-301F-11D3-BF4B-00C04F79EFBC}") = "VooDiDb.SecurityServer", "VooDiDb.SecurityServer\VooDiDb.SecurityServer.csproj", "{0F170601-53B7-4C09-A8FD-ED529B4E9C6D}"
EndProject
Global
	GlobalSection(SolutionConfigurationPlatforms) = preSolution
		Debug|Any CPU = Debug|Any CPU
		Release|Any CPU = Release|Any CPU
	EndGlobalSection
	GlobalSection(ProjectConfigurationPlatforms) = postSolution
		{691234A2-CBD1-4F48-94D9-712641090F4B}.Debug|Any CPU.ActiveCfg = Debug|Any CPU
		{691234A2-CBD1-4F48-94D9-712641090F4B}.Debug|Any CPU.Build.0 = Debug|Any CPU
		{691234A2-CBD1-4F48-94D9-712641090F4B}.Release|Any CPU.ActiveCfg = Release|Any CPU
		{691234A2-CBD1-4F48-94D9-712641090F4B}.Release|Any CPU.Build.0 = Release|Any CPU
		{D703BCCE-B6E0-4E34-A5E4-B8904E04A8ED}.Debug|Any CPU.ActiveCfg = Debug|Any CPU
		{D703BCCE-B6E0-4E34-A5E4-B8904E04A8ED}.Debug|Any CPU.Build.0 = Debug|Any CPU
		{D703BCCE-B6E0-4E34-A5E4-B8904E04A8ED}.Release|Any CPU.ActiveCfg = Release|Any CPU
		{D703BCCE-B6E0-4E34-A5E4-B8904E04A8ED}.Release|Any CPU.Build.0 = Release|Any CPU
		{67610892-A467-48C9-873D-98C9812851B4}.Debug|Any CPU.ActiveCfg = Debug|Any CPU
		{67610892-A467-48C9-873D-98C9812851B4}.Debug|Any CPU.Build.0 = Debug|Any CPU
		{67610892-A467-48C9-873D-98C9812851B4}.Release|Any CPU.ActiveCfg = Release|Any CPU
		{67610892-A467-48C9-873D-98C9812851B4}.Release|Any CPU.Build.0 = Release|Any CPU
		{6093BC47-DF4C-4A6C-AD49-2350B406E0C9}.Debug|Any CPU.ActiveCfg = Debug|Any CPU
		{6093BC47-DF4C-4A6C-AD49-2350B406E0C9}.Debug|Any CPU.Build.0 = Debug|Any CPU
		{6093BC47-DF4C-4A6C-AD49-2350B406E0C9}.Release|Any CPU.ActiveCfg = Release|Any CPU
		{6093BC47-DF4C-4A6C-AD49-2350B406E0C9}.Release|Any CPU.Build.0 = Release|Any CPU
		{6204A9FB-EE75-4CC5-A994-98D483F218E5}.Debug|Any CPU.ActiveCfg = Debug|Any CPU
		{6204A9FB-EE75-4CC5-A994-98D483F218E5}.Debug|Any CPU.Build.0 = Debug|Any CPU
		{6204A9FB-EE75-4CC5-A994-98D483F218E5}.Release|Any CPU.ActiveCfg = Release|Any CPU
		{6204A9FB-EE75-4CC5-A994-98D483F218E5}.Release|Any CPU.Build.0 = Release|Any CPU
		{D7BF441E-B109-4F20-91D2-4712A3FC0F40}.Debug|Any CPU.ActiveCfg = Debug|Any CPU
		{D7BF441E-B109-4F20-91D2-4712A3FC0F40}.Debug|Any CPU.Build.0 = Debug|Any CPU
		{D7BF441E-B109-4F20-91D2-4712A3FC0F40}.Release|Any CPU.ActiveCfg = Release|Any CPU
		{D7BF441E-B109-4F20-91D2-4712A3FC0F40}.Release|Any CPU.Build.0 = Release|Any CPU
		{51C5EC39-D3B8-48B8-BC34-06CD6619F477}.Debug|Any CPU.ActiveCfg = Debug|Any CPU
		{51C5EC39-D3B8-48B8-BC34-06CD6619F477}.Debug|Any CPU.Build.0 = Debug|Any CPU
		{51C5EC39-D3B8-48B8-BC34-06CD6619F477}.Release|Any CPU.ActiveCfg = Release|Any CPU
		{51C5EC39-D3B8-48B8-BC34-06CD6619F477}.Release|Any CPU.Build.0 = Release|Any CPU
		{0F170601-53B7-4C09-A8FD-ED529B4E9C6D}.Debug|Any CPU.ActiveCfg = Debug|Any CPU
		{0F170601-53B7-4C09-A8FD-ED529B4E9C6D}.Debug|Any CPU.Build.0 = Debug|Any CPU
		{0F170601-53B7-4C09-A8FD-ED529B4E9C6D}.Release|Any CPU.ActiveCfg = Release|Any CPU
		{0F170601-53B7-4C09-A8FD-ED529B4E9C6D}.Release|Any CPU.Build.0 = Release|Any CPU
	EndGlobalSection
	GlobalSection(SolutionProperties) = preSolution
		HideSolutionNode = FALSE
	EndGlobalSection
	GlobalSection(NestedProjects) = preSolution
		{691234A2-CBD1-4F48-94D9-712641090F4B} = {C29069CC-8A7F-448D-B380-52E623BC0694}
		{D703BCCE-B6E0-4E34-A5E4-B8904E04A8ED} = {EE659ADB-35CB-4ECE-B064-EF4C0DBB156D}
		{67610892-A467-48C9-873D-98C9812851B4} = {C29069CC-8A7F-448D-B380-52E623BC0694}
		{6093BC47-DF4C-4A6C-AD49-2350B406E0C9} = {D8A71B51-835F-440D-B397-8D5D0E5D29AC}
		{6204A9FB-EE75-4CC5-A994-98D483F218E5} = {D8A71B51-835F-440D-B397-8D5D0E5D29AC}
		{D7BF441E-B109-4F20-91D2-4712A3FC0F40} = {EE659ADB-35CB-4ECE-B064-EF4C0DBB156D}
		{51C5EC39-D3B8-48B8-BC34-06CD6619F477} = {8FAC96B6-1943-44FC-A571-4DAED8D55234}
	EndGlobalSection
	GlobalSection(ExtensibilityGlobals) = postSolution
		SolutionGuid = {6310FE5A-3344-4A50-994B-B5D8D3618528}
	EndGlobalSection
EndGlobal
